
Microsoft Visual Studio Solution File, Format Version 12.00
# Visual Studio Version 17
VisualStudioVersion = 17.8.34511.84
MinimumVisualStudioVersion = 10.0.40219.1
Project("{8BC9CEB8-8B4A-11D0-8D11-00A0C91BC942}") = "Pointer_advanced_3", "Pointer_advanced_3.vcxproj", "{1EBC5E4C-A109-4ECC-9D27-178F3BB8042B}"
EndProject
Global
	GlobalSection(SolutionConfigurationPlatforms) = preSolution
		Debug|x64 = Debug|x64
		Debug|x86 = Debug|x86
		Release|x64 = Release|x64
		Release|x86 = Release|x86
	EndGlobalSection
	GlobalSection(ProjectConfigurationPlatforms) = postSolution
		{1EBC5E4C-A109-4ECC-9D27-178F3BB8042B}.Debug|x64.ActiveCfg = Debug|x64
		{1EBC5E4C-A109-4ECC-9D27-178F3BB8042B}.Debug|x64.Build.0 = Debug|x64
		{1EBC5E4C-A109-4ECC-9D27-178F3BB8042B}.Debug|x86.ActiveCfg = Debug|Win32
		{1EBC5E4C-A109-4ECC-9D27-178F3BB8042B}.Debug|x86.Build.0 = Debug|Win32
		{1EBC5E4C-A109-4ECC-9D27-178F3BB8042B}.Release|x64.ActiveCfg = Release|x64
		{1EBC5E4C-A109-4ECC-9D27-178F3BB8042B}.Release|x64.Build.0 = Release|x64
		{1EBC5E4C-A109-4ECC-9D27-178F3BB8042B}.Release|x86.ActiveCfg = Release|Win32
		{1EBC5E4C-A109-4ECC-9D27-178F3BB8042B}.Release|x86.Build.0 = Release|Win32
	EndGlobalSection
	GlobalSection(SolutionProperties) = preSolution
		HideSolutionNode = FALSE
	EndGlobalSection
	GlobalSection(ExtensibilityGlobals) = postSolution
		SolutionGuid = {8E06021D-A77F-4FDF-99AD-B3C16E5815C3}
	EndGlobalSection
EndGlobal
